{
  "name": "extensions",
  "lockfileVersion": 2,
  "requires": true,
  "packages": {
    "": {
      "dependencies": {
        "coc-css": ">=1.2.3",
        "coc-html": ">=1.2.4",
        "coc-json": ">=1.2.6",
        "coc-tsserver": ">=1.4.12"
      }
    },
    "node_modules/coc-css": {
      "version": "1.2.5",
      "resolved": "https://registry.npmjs.org/coc-css/-/coc-css-1.2.5.tgz",
      "integrity": "sha512-Khii6e43VV1JqSNd/UGMDmenBkFYcFKEr0WM6a8isOOWxSX8Vly/YAjVq7rbErD3mYOeJ+rxcH5/faUqIDj/9A==",
      "engines": {
        "coc": "^0.0.15"
      }
    },
    "node_modules/coc-html": {
      "version": "1.2.4",
      "resolved": "https://registry.npmjs.org/coc-html/-/coc-html-1.2.4.tgz",
      "integrity": "sha512-gr0GBKeew88n8hcn4fkzIcBruhih7YAqBd7ldsYjoG2qZhjPEj/arYESFOYgooX1jYuxCpQYH526EXXzs4BGRQ==",
      "dependencies": {
        "typescript": "^3"
      },
      "engines": {
        "coc": "^0.0.15"
      }
    },
    "node_modules/coc-json": {
      "version": "1.3.1",
      "resolved": "https://registry.npmjs.org/coc-json/-/coc-json-1.3.1.tgz",
      "integrity": "sha512-VKCzzCMZYxqjU89EMh8g58ytbhXXQcMSyWx385NXiijjK3Amtuvz775lPfiUeIAeVNr2VM+yeKimUw4pbE/lug==",
      "engines": {
        "coc": ">= 0.0.79"
      }
    },
    "node_modules/coc-tsserver": {
      "version": "1.5.7",
      "resolved": "https://registry.npmjs.org/coc-tsserver/-/coc-tsserver-1.5.7.tgz",
      "integrity": "sha512-VP/xLBnChBWZPrURULJsy5fi9gt+Fsvv5qWXZrLorBsh/14ppnPqfdyyKRuK+mDrxi9gcnSbAwTHOJ4yl5e9ag==",
      "dependencies": {
        "typescript": "3.9.7"
      },
      "engines": {
        "coc": "^0.0.78"
      }
    },
    "node_modules/typescript": {
      "version": "3.9.7",
      "resolved": "https://registry.npmjs.org/typescript/-/typescript-3.9.7.tgz",
      "integrity": "sha512-BLbiRkiBzAwsjut4x/dsibSTB6yWpwT5qWmC2OfuCg3GgVQCSgMs4vEctYPhsaGtd0AeuuHMkjZ2h2WG8MSzRw==",
      "bin": {
        "tsc": "bin/tsc",
        "tsserver": "bin/tsserver"
      },
      "engines": {
        "node": ">=4.2.0"
      }
    }
  },
  "dependencies": {
    "coc-css": {
      "version": "1.2.5",
      "resolved": "https://registry.npmjs.org/coc-css/-/coc-css-1.2.5.tgz",
      "integrity": "sha512-Khii6e43VV1JqSNd/UGMDmenBkFYcFKEr0WM6a8isOOWxSX8Vly/YAjVq7rbErD3mYOeJ+rxcH5/faUqIDj/9A=="
    },
    "coc-html": {
      "version": "1.2.4",
      "resolved": "https://registry.npmjs.org/coc-html/-/coc-html-1.2.4.tgz",
      "integrity": "sha512-gr0GBKeew88n8hcn4fkzIcBruhih7YAqBd7ldsYjoG2qZhjPEj/arYESFOYgooX1jYuxCpQYH526EXXzs4BGRQ==",
      "requires": {
        "typescript": "^3"
      }
    },
    "coc-json": {
      "version": "1.3.1",
      "resolved": "https://registry.npmjs.org/coc-json/-/coc-json-1.3.1.tgz",
      "integrity": "sha512-VKCzzCMZYxqjU89EMh8g58ytbhXXQcMSyWx385NXiijjK3Amtuvz775lPfiUeIAeVNr2VM+yeKimUw4pbE/lug=="
    },
    "coc-tsserver": {
      "version": "1.5.7",
      "resolved": "https://registry.npmjs.org/coc-tsserver/-/coc-tsserver-1.5.7.tgz",
      "integrity": "sha512-VP/xLBnChBWZPrURULJsy5fi9gt+Fsvv5qWXZrLorBsh/14ppnPqfdyyKRuK+mDrxi9gcnSbAwTHOJ4yl5e9ag==",
      "requires": {
        "typescript": "3.9.7"
      }
    },
    "typescript": {
      "version": "3.9.7",
      "resolved": "https://registry.npmjs.org/typescript/-/typescript-3.9.7.tgz",
      "integrity": "sha512-BLbiRkiBzAwsjut4x/dsibSTB6yWpwT5qWmC2OfuCg3GgVQCSgMs4vEctYPhsaGtd0AeuuHMkjZ2h2WG8MSzRw=="
    }
  }
}
